// !$*UTF8*$!
{
	archiveVersion = 1;
	classes = {
	};
	objectVersion = 50;
	objects = {

/* Begin PBXBuildFile section */
		83C27CBE22617F3100CBC885 /* AppDelegate.swift in Sources */ = {isa = PBXBuildFile; fileRef = 83C27CBD22617F3100CBC885 /* AppDelegate.swift */; };
		83C27CC022617F3100CBC885 /* ViewController.swift in Sources */ = {isa = PBXBuildFile; fileRef = 83C27CBF22617F3100CBC885 /* ViewController.swift */; };
		83C27CC322617F3100CBC885 /* Main.storyboard in Resources */ = {isa = PBXBuildFile; fileRef = 83C27CC122617F3100CBC885 /* Main.storyboard */; };
		83C27CC522617F3600CBC885 /* Assets.xcassets in Resources */ = {isa = PBXBuildFile; fileRef = 83C27CC422617F3600CBC885 /* Assets.xcassets */; };
		83C27CC822617F3600CBC885 /* LaunchScreen.storyboard in Resources */ = {isa = PBXBuildFile; fileRef = 83C27CC622617F3600CBC885 /* LaunchScreen.storyboard */; };
		8C7B1C8A22619902009024E0 /* CompoundService.swift in Sources */ = {isa = PBXBuildFile; fileRef = 8C7B1C8922619902009024E0 /* CompoundService.swift */; };
		8C7B1C8C2261A20C009024E0 /* EthreumUtils.swift in Sources */ = {isa = PBXBuildFile; fileRef = 8C7B1C8B2261A20C009024E0 /* EthreumUtils.swift */; };
		AAB7AE8DA51E12970247D273 /* Pods_defy.framework in Frameworks */ = {isa = PBXBuildFile; fileRef = 55796722367BA6BBBC394615 /* Pods_defy.framework */; };
/* End PBXBuildFile section */

/* Begin PBXFileReference section */
		55796722367BA6BBBC394615 /* Pods_defy.framework */ = {isa = PBXFileReference; explicitFileType = wrapper.framework; includeInIndex = 0; path = Pods_defy.framework; sourceTree = BUILT_PRODUCTS_DIR; };
		83C27CBA22617F3100CBC885 /* defy.app */ = {isa = PBXFileReference; explicitFileType = wrapper.application; includeInIndex = 0; path = defy.app; sourceTree = BUILT_PRODUCTS_DIR; };
		83C27CBD22617F3100CBC885 /* AppDelegate.swift */ = {isa = PBXFileReference; lastKnownFileType = sourcecode.swift; path = AppDelegate.swift; sourceTree = "<group>"; };
		83C27CBF22617F3100CBC885 /* ViewController.swift */ = {isa = PBXFileReference; lastKnownFileType = sourcecode.swift; path = ViewController.swift; sourceTree = "<group>"; };
		83C27CC222617F3100CBC885 /* Base */ = {isa = PBXFileReference; lastKnownFileType = file.storyboard; name = Base; path = Base.lproj/Main.storyboard; sourceTree = "<group>"; };
		83C27CC422617F3600CBC885 /* Assets.xcassets */ = {isa = PBXFileReference; lastKnownFileType = folder.assetcatalog; path = Assets.xcassets; sourceTree = "<group>"; };
		83C27CC722617F3600CBC885 /* Base */ = {isa = PBXFileReference; lastKnownFileType = file.storyboard; name = Base; path = Base.lproj/LaunchScreen.storyboard; sourceTree = "<group>"; };
		83C27CC922617F3600CBC885 /* Info.plist */ = {isa = PBXFileReference; lastKnownFileType = text.plist.xml; path = Info.plist; sourceTree = "<group>"; };
		8C7B1C8922619902009024E0 /* CompoundService.swift */ = {isa = PBXFileReference; lastKnownFileType = sourcecode.swift; path = CompoundService.swift; sourceTree = "<group>"; };
		8C7B1C8B2261A20C009024E0 /* EthreumUtils.swift */ = {isa = PBXFileReference; lastKnownFileType = sourcecode.swift; path = EthreumUtils.swift; sourceTree = "<group>"; };
		96962CF1FD66DD565D8EF7C9 /* Pods-defy.debug.xcconfig */ = {isa = PBXFileReference; includeInIndex = 1; lastKnownFileType = text.xcconfig; name = "Pods-defy.debug.xcconfig"; path = "Target Support Files/Pods-defy/Pods-defy.debug.xcconfig"; sourceTree = "<group>"; };
		F4DC65BD2CB97F54C420B684 /* Pods-defy.release.xcconfig */ = {isa = PBXFileReference; includeInIndex = 1; lastKnownFileType = text.xcconfig; name = "Pods-defy.release.xcconfig"; path = "Target Support Files/Pods-defy/Pods-defy.release.xcconfig"; sourceTree = "<group>"; };
/* End PBXFileReference section */

/* Begin PBXFrameworksBuildPhase section */
		83C27CB722617F3100CBC885 /* Frameworks */ = {
			isa = PBXFrameworksBuildPhase;
			buildActionMask = 2147483647;
			files = (
				AAB7AE8DA51E12970247D273 /* Pods_defy.framework in Frameworks */,
			);
			runOnlyForDeploymentPostprocessing = 0;
		};
/* End PBXFrameworksBuildPhase section */

/* Begin PBXGroup section */
		42556FD3B3205FC249BB764B /* Pods */ = {
			isa = PBXGroup;
			children = (
				96962CF1FD66DD565D8EF7C9 /* Pods-defy.debug.xcconfig */,
				F4DC65BD2CB97F54C420B684 /* Pods-defy.release.xcconfig */,
			);
			path = Pods;
			sourceTree = "<group>";
		};
		83C27CB122617F3100CBC885 = {
			isa = PBXGroup;
			children = (
				83C27CBC22617F3100CBC885 /* defy */,
				83C27CBB22617F3100CBC885 /* Products */,
				42556FD3B3205FC249BB764B /* Pods */,
				CA43AF735A53EEF348ED6EBE /* Frameworks */,
			);
			sourceTree = "<group>";
		};
		83C27CBB22617F3100CBC885 /* Products */ = {
			isa = PBXGroup;
			children = (
				83C27CBA22617F3100CBC885 /* defy.app */,
			);
			name = Products;
			sourceTree = "<group>";
		};
		83C27CBC22617F3100CBC885 /* defy */ = {
			isa = PBXGroup;
			children = (
				8C7B1C88226198F0009024E0 /* Services */,
				83C27CBD22617F3100CBC885 /* AppDelegate.swift */,
				83C27CBF22617F3100CBC885 /* ViewController.swift */,
				83C27CC122617F3100CBC885 /* Main.storyboard */,
				83C27CC422617F3600CBC885 /* Assets.xcassets */,
				83C27CC622617F3600CBC885 /* LaunchScreen.storyboard */,
				83C27CC922617F3600CBC885 /* Info.plist */,
			);
			path = defy;
			sourceTree = "<group>";
		};
		8C7B1C88226198F0009024E0 /* Services */ = {
			isa = PBXGroup;
			children = (
				8C7B1C8922619902009024E0 /* CompoundService.swift */,
				8C7B1C8B2261A20C009024E0 /* EthreumUtils.swift */,
			);
			path = Services;
			sourceTree = "<group>";
		};
		CA43AF735A53EEF348ED6EBE /* Frameworks */ = {
			isa = PBXGroup;
			children = (
				55796722367BA6BBBC394615 /* Pods_defy.framework */,
			);
			name = Frameworks;
			sourceTree = "<group>";
		};
/* End PBXGroup section */

/* Begin PBXNativeTarget section */
		83C27CB922617F3100CBC885 /* defy */ = {
			isa = PBXNativeTarget;
			buildConfigurationList = 83C27CCC22617F3600CBC885 /* Build configuration list for PBXNativeTarget "defy" */;
			buildPhases = (
				13C92580870C93CC966D2EA9 /* [CP] Check Pods Manifest.lock */,
				83C27CB622617F3100CBC885 /* Sources */,
				83C27CB722617F3100CBC885 /* Frameworks */,
				83C27CB822617F3100CBC885 /* Resources */,
				0743BC1C4B86AC029EA76132 /* [CP] Embed Pods Frameworks */,
			);
			buildRules = (
			);
			dependencies = (
			);
			name = defy;
			productName = defy;
			productReference = 83C27CBA22617F3100CBC885 /* defy.app */;
			productType = "com.apple.product-type.application";
		};
/* End PBXNativeTarget section */

/* Begin PBXProject section */
		83C27CB222617F3100CBC885 /* Project object */ = {
			isa = PBXProject;
			attributes = {
				LastSwiftUpdateCheck = 1020;
				LastUpgradeCheck = 1020;
				ORGANIZATIONNAME = Zerion;
				TargetAttributes = {
					83C27CB922617F3100CBC885 = {
						CreatedOnToolsVersion = 10.2;
					};
				};
			};
			buildConfigurationList = 83C27CB522617F3100CBC885 /* Build configuration list for PBXProject "defy" */;
			compatibilityVersion = "Xcode 9.3";
			developmentRegion = en;
			hasScannedForEncodings = 0;
			knownRegions = (
				en,
				Base,
			);
			mainGroup = 83C27CB122617F3100CBC885;
			productRefGroup = 83C27CBB22617F3100CBC885 /* Products */;
			projectDirPath = "";
			projectRoot = "";
			targets = (
				83C27CB922617F3100CBC885 /* defy */,
			);
		};
/* End PBXProject section */

/* Begin PBXResourcesBuildPhase section */
		83C27CB822617F3100CBC885 /* Resources */ = {
			isa = PBXResourcesBuildPhase;
			buildActionMask = 2147483647;
			files = (
				83C27CC822617F3600CBC885 /* LaunchScreen.storyboard in Resources */,
				83C27CC522617F3600CBC885 /* Assets.xcassets in Resources */,
				83C27CC322617F3100CBC885 /* Main.storyboard in Resources */,
			);
			runOnlyForDeploymentPostprocessing = 0;
		};
/* End PBXResourcesBuildPhase section */

/* Begin PBXShellScriptBuildPhase section */
		0743BC1C4B86AC029EA76132 /* [CP] Embed Pods Frameworks */ = {
			isa = PBXShellScriptBuildPhase;
			buildActionMask = 2147483647;
			files = (
			);
			inputFileListPaths = (
			);
			inputPaths = (
				"${PODS_ROOT}/Target Support Files/Pods-defy/Pods-defy-frameworks.sh",
				"${BUILT_PRODUCTS_DIR}/AppAuth/AppAuth.framework",
				"${BUILT_PRODUCTS_DIR}/BigInt/BigInt.framework",
				"${BUILT_PRODUCTS_DIR}/BigInt.swift/BigInt.framework",
				"${BUILT_PRODUCTS_DIR}/Bitski/Bitski.framework",
				"${BUILT_PRODUCTS_DIR}/CryptoSwift/CryptoSwift.framework",
				"${BUILT_PRODUCTS_DIR}/PromiseKit/PromiseKit.framework",
				"${BUILT_PRODUCTS_DIR}/SipHash/SipHash.framework",
				"${BUILT_PRODUCTS_DIR}/Web3/Web3.framework",
				"${BUILT_PRODUCTS_DIR}/secp256k1.swift/secp256k1.framework",
			);
			name = "[CP] Embed Pods Frameworks";
			outputFileListPaths = (
			);
			outputPaths = (
				"${TARGET_BUILD_DIR}/${FRAMEWORKS_FOLDER_PATH}/AppAuth.framework",
				"${TARGET_BUILD_DIR}/${FRAMEWORKS_FOLDER_PATH}/BigInt.framework",
				"${TARGET_BUILD_DIR}/${FRAMEWORKS_FOLDER_PATH}/Bitski.framework",
				"${TARGET_BUILD_DIR}/${FRAMEWORKS_FOLDER_PATH}/CryptoSwift.framework",
				"${TARGET_BUILD_DIR}/${FRAMEWORKS_FOLDER_PATH}/PromiseKit.framework",
				"${TARGET_BUILD_DIR}/${FRAMEWORKS_FOLDER_PATH}/SipHash.framework",
				"${TARGET_BUILD_DIR}/${FRAMEWORKS_FOLDER_PATH}/Web3.framework",
				"${TARGET_BUILD_DIR}/${FRAMEWORKS_FOLDER_PATH}/secp256k1.framework",
			);
			runOnlyForDeploymentPostprocessing = 0;
			shellPath = /bin/sh;
			shellScript = "\"${PODS_ROOT}/Target Support Files/Pods-defy/Pods-defy-frameworks.sh\"\n";
			showEnvVarsInLog = 0;
		};
		13C92580870C93CC966D2EA9 /* [CP] Check Pods Manifest.lock */ = {
			isa = PBXShellScriptBuildPhase;
			buildActionMask = 2147483647;
			files = (
			);
			inputFileListPaths = (
			);
			inputPaths = (
				"${PODS_PODFILE_DIR_PATH}/Podfile.lock",
				"${PODS_ROOT}/Manifest.lock",
			);
			name = "[CP] Check Pods Manifest.lock";
			outputFileListPaths = (
			);
			outputPaths = (
				"$(DERIVED_FILE_DIR)/Pods-defy-checkManifestLockResult.txt",
			);
			runOnlyForDeploymentPostprocessing = 0;
			shellPath = /bin/sh;
			shellScript = "diff \"${PODS_PODFILE_DIR_PATH}/Podfile.lock\" \"${PODS_ROOT}/Manifest.lock\" > /dev/null\nif [ $? != 0 ] ; then\n    # print error to STDERR\n    echo \"error: The sandbox is not in sync with the Podfile.lock. Run 'pod install' or update your CocoaPods installation.\" >&2\n    exit 1\nfi\n# This output is used by Xcode 'outputs' to avoid re-running this script phase.\necho \"SUCCESS\" > \"${SCRIPT_OUTPUT_FILE_0}\"\n";
			showEnvVarsInLog = 0;
		};
/* End PBXShellScriptBuildPhase section */

/* Begin PBXSourcesBuildPhase section */
		83C27CB622617F3100CBC885 /* Sources */ = {
			isa = PBXSourcesBuildPhase;
			buildActionMask = 2147483647;
			files = (
				8C7B1C8C2261A20C009024E0 /* EthreumUtils.swift in Sources */,
				83C27CC022617F3100CBC885 /* ViewController.swift in Sources */,
				83C27CBE22617F3100CBC885 /* AppDelegate.swift in Sources */,
				8C7B1C8A22619902009024E0 /* CompoundService.swift in Sources */,
			);
			runOnlyForDeploymentPostprocessing = 0;
		};
/* End PBXSourcesBuildPhase section */

/* Begin PBXVariantGroup section */
		83C27CC122617F3100CBC885 /* Main.storyboard */ = {
			isa = PBXVariantGroup;
			children = (
				83C27CC222617F3100CBC885 /* Base */,
			);
			name = Main.storyboard;
			sourceTree = "<group>";
		};
		83C27CC622617F3600CBC885 /* LaunchScreen.storyboard */ = {
			isa = PBXVariantGroup;
			children = (
				83C27CC722617F3600CBC885 /* Base */,
			);
			name = LaunchScreen.storyboard;
			sourceTree = "<group>";
		};
/* End PBXVariantGroup section */

/* Begin XCBuildConfiguration section */
		83C27CCA22617F3600CBC885 /* Debug */ = {
			isa = XCBuildConfiguration;
			buildSettings = {
				ALWAYS_SEARCH_USER_PATHS = NO;
				CLANG_ANALYZER_NONNULL = YES;
				CLANG_ANALYZER_NUMBER_OBJECT_CONVERSION = YES_AGGRESSIVE;
				CLANG_CXX_LANGUAGE_STANDARD = "gnu++14";
				CLANG_CXX_LIBRARY = "libc++";
				CLANG_ENABLE_MODULES = YES;
				CLANG_ENABLE_OBJC_ARC = YES;
				CLANG_ENABLE_OBJC_WEAK = YES;
				CLANG_WARN_BLOCK_CAPTURE_AUTORELEASING = YES;
				CLANG_WARN_BOOL_CONVERSION = YES;
				CLANG_WARN_COMMA = YES;
				CLANG_WARN_CONSTANT_CONVERSION = YES;
				CLANG_WARN_DEPRECATED_OBJC_IMPLEMENTATIONS = YES;
				CLANG_WARN_DIRECT_OBJC_ISA_USAGE = YES_ERROR;
				CLANG_WARN_DOCUMENTATION_COMMENTS = YES;
				CLANG_WARN_EMPTY_BODY = YES;
				CLANG_WARN_ENUM_CONVERSION = YES;
				CLANG_WARN_INFINITE_RECURSION = YES;
				CLANG_WARN_INT_CONVERSION = YES;
				CLANG_WARN_NON_LITERAL_NULL_CONVERSION = YES;
				CLANG_WARN_OBJC_IMPLICIT_RETAIN_SELF = YES;
				CLANG_WARN_OBJC_LITERAL_CONVERSION = YES;
				CLANG_WARN_OBJC_ROOT_CLASS = YES_ERROR;
				CLANG_WARN_RANGE_LOOP_ANALYSIS = YES;
				CLANG_WARN_STRICT_PROTOTYPES = YES;
				CLANG_WARN_SUSPICIOUS_MOVE = YES;
				CLANG_WARN_UNGUARDED_AVAILABILITY = YES_AGGRESSIVE;
				CLANG_WARN_UNREACHABLE_CODE = YES;
				CLANG_WARN__DUPLICATE_METHOD_MATCH = YES;
				CODE_SIGN_IDENTITY = "iPhone Developer";
				COPY_PHASE_STRIP = NO;
				DEBUG_INFORMATION_FORMAT = dwarf;
				ENABLE_STRICT_OBJC_MSGSEND = YES;
				ENABLE_TESTABILITY = YES;
				GCC_C_LANGUAGE_STANDARD = gnu11;
				GCC_DYNAMIC_NO_PIC = NO;
				GCC_NO_COMMON_BLOCKS = YES;
				GCC_OPTIMIZATION_LEVEL = 0;
				GCC_PREPROCESSOR_DEFINITIONS = (
					"DEBUG=1",
					"$(inherited)",
				);
				GCC_WARN_64_TO_32_BIT_CONVERSION = YES;
				GCC_WARN_ABOUT_RETURN_TYPE = YES_ERROR;
				GCC_WARN_UNDECLARED_SELECTOR = YES;
				GCC_WARN_UNINITIALIZED_AUTOS = YES_AGGRESSIVE;
				GCC_WARN_UNUSED_FUNCTION = YES;
				GCC_WARN_UNUSED_VARIABLE = YES;
				IPHONEOS_DEPLOYMENT_TARGET = 12.2;
				MTL_ENABLE_DEBUG_INFO = INCLUDE_SOURCE;
				MTL_FAST_MATH = YES;
				ONLY_ACTIVE_ARCH = YES;
				SDKROOT = iphoneos;
				SWIFT_ACTIVE_COMPILATION_CONDITIONS = DEBUG;
				SWIFT_OPTIMIZATION_LEVEL = "-Onone";
			};
			name = Debug;
		};
		83C27CCB22617F3600CBC885 /* Release */ = {
			isa = XCBuildConfiguration;
			buildSettings = {
				ALWAYS_SEARCH_USER_PATHS = NO;
				CLANG_ANALYZER_NONNULL = YES;
				CLANG_ANALYZER_NUMBER_OBJECT_CONVERSION = YES_AGGRESSIVE;
				CLANG_CXX_LANGUAGE_STANDARD = "gnu++14";
				CLANG_CXX_LIBRARY = "libc++";
				CLANG_ENABLE_MODULES = YES;
				CLANG_ENABLE_OBJC_ARC = YES;
				CLANG_ENABLE_OBJC_WEAK = YES;
				CLANG_WARN_BLOCK_CAPTURE_AUTORELEASING = YES;
				CLANG_WARN_BOOL_CONVERSION = YES;
				CLANG_WARN_COMMA = YES;
				CLANG_WARN_CONSTANT_CONVERSION = YES;
				CLANG_WARN_DEPRECATED_OBJC_IMPLEMENTATIONS = YES;
				CLANG_WARN_DIRECT_OBJC_ISA_USAGE = YES_ERROR;
				CLANG_WARN_DOCUMENTATION_COMMENTS = YES;
				CLANG_WARN_EMPTY_BODY = YES;
				CLANG_WARN_ENUM_CONVERSION = YES;
				CLANG_WARN_INFINITE_RECURSION = YES;
				CLANG_WARN_INT_CONVERSION = YES;
				CLANG_WARN_NON_LITERAL_NULL_CONVERSION = YES;
				CLANG_WARN_OBJC_IMPLICIT_RETAIN_SELF = YES;
				CLANG_WARN_OBJC_LITERAL_CONVERSION = YES;
				CLANG_WARN_OBJC_ROOT_CLASS = YES_ERROR;
				CLANG_WARN_RANGE_LOOP_ANALYSIS = YES;
				CLANG_WARN_STRICT_PROTOTYPES = YES;
				CLANG_WARN_SUSPICIOUS_MOVE = YES;
				CLANG_WARN_UNGUARDED_AVAILABILITY = YES_AGGRESSIVE;
				CLANG_WARN_UNREACHABLE_CODE = YES;
				CLANG_WARN__DUPLICATE_METHOD_MATCH = YES;
				CODE_SIGN_IDENTITY = "iPhone Developer";
				COPY_PHASE_STRIP = NO;
				DEBUG_INFORMATION_FORMAT = "dwarf-with-dsym";
				ENABLE_NS_ASSERTIONS = NO;
				ENABLE_STRICT_OBJC_MSGSEND = YES;
				GCC_C_LANGUAGE_STANDARD = gnu11;
				GCC_NO_COMMON_BLOCKS = YES;
				GCC_WARN_64_TO_32_BIT_CONVERSION = YES;
				GCC_WARN_ABOUT_RETURN_TYPE = YES_ERROR;
				GCC_WARN_UNDECLARED_SELECTOR = YES;
				GCC_WARN_UNINITIALIZED_AUTOS = YES_AGGRESSIVE;
				GCC_WARN_UNUSED_FUNCTION = YES;
				GCC_WARN_UNUSED_VARIABLE = YES;
				IPHONEOS_DEPLOYMENT_TARGET = 12.2;
				MTL_ENABLE_DEBUG_INFO = NO;
				MTL_FAST_MATH = YES;
				SDKROOT = iphoneos;
				SWIFT_COMPILATION_MODE = wholemodule;
				SWIFT_OPTIMIZATION_LEVEL = "-O";
				VALIDATE_PRODUCT = YES;
			};
			name = Release;
		};
		83C27CCD22617F3600CBC885 /* Debug */ = {
			isa = XCBuildConfiguration;
			baseConfigurationReference = 96962CF1FD66DD565D8EF7C9 /* Pods-defy.debug.xcconfig */;
			buildSettings = {
				ASSETCATALOG_COMPILER_APPICON_NAME = AppIcon;
				CODE_SIGN_STYLE = Automatic;
				DEVELOPMENT_TEAM = XWNXDSM6BU;
				INFOPLIST_FILE = defy/Info.plist;
				LD_RUNPATH_SEARCH_PATHS = (
					"$(inherited)",
					"@executable_path/Frameworks",
				);
				PRODUCT_BUNDLE_IDENTIFIER = io.zerion.defy;
				PRODUCT_NAME = "$(TARGET_NAME)";
				SWIFT_VERSION = 4.0;
				TARGETED_DEVICE_FAMILY = "1,2";
			};
			name = Debug;
		};
		83C27CCE22617F3600CBC885 /* Release */ = {
			isa = XCBuildConfiguration;
			baseConfigurationReference = F4DC65BD2CB97F54C420B684 /* Pods-defy.release.xcconfig */;
			buildSettings = {
				ASSETCATALOG_COMPILER_APPICON_NAME = AppIcon;
				CODE_SIGN_STYLE = Automatic;
				DEVELOPMENT_TEAM = XWNXDSM6BU;
				INFOPLIST_FILE = defy/Info.plist;
				LD_RUNPATH_SEARCH_PATHS = (
					"$(inherited)",
					"@executable_path/Frameworks",
				);
				PRODUCT_BUNDLE_IDENTIFIER = io.zerion.defy;
				PRODUCT_NAME = "$(TARGET_NAME)";
				SWIFT_VERSION = 4.0;
				TARGETED_DEVICE_FAMILY = "1,2";
			};
			name = Release;
		};
/* End XCBuildConfiguration section */

/* Begin XCConfigurationList section */
		83C27CB522617F3100CBC885 /* Build configuration list for PBXProject "defy" */ = {
			isa = XCConfigurationList;
			buildConfigurations = (
				83C27CCA22617F3600CBC885 /* Debug */,
				83C27CCB22617F3600CBC885 /* Release */,
			);
			defaultConfigurationIsVisible = 0;
			defaultConfigurationName = Release;
		};
		83C27CCC22617F3600CBC885 /* Build configuration list for PBXNativeTarget "defy" */ = {
			isa = XCConfigurationList;
			buildConfigurations = (
				83C27CCD22617F3600CBC885 /* Debug */,
				83C27CCE22617F3600CBC885 /* Release */,
			);
			defaultConfigurationIsVisible = 0;
			defaultConfigurationName = Release;
		};
/* End XCConfigurationList section */
	};
	rootObject = 83C27CB222617F3100CBC885 /* Project object */;
}
